
Microsoft Visual Studio Solution File, Format Version 12.00
# Visual Studio Version 17
VisualStudioVersion = 17.4.33122.133
MinimumVisualStudioVersion = 10.0.40219.1
Project("{9A19103F-16F7-4668-BE54-9A1E7A4F7556}") = "Silverstone-WeatherInfo-Application", "Silverstone-WeatherInfo-Application.csproj", "{452572EC-C858-46F7-B7D3-0666F8996BB0}"
EndProject
Project("{FAE04EC0-301F-11D3-BF4B-00C04F79EFBC}") = "UnitTests", "..\UnitTests\UnitTests.csproj", "{0491FEC3-080D-4156-9A87-9DFD38268B43}"
EndProject
Global
	GlobalSection(SolutionConfigurationPlatforms) = preSolution
		Debug|Any CPU = Debug|Any CPU
		Release|Any CPU = Release|Any CPU
	EndGlobalSection
	GlobalSection(ProjectConfigurationPlatforms) = postSolution
		{452572EC-C858-46F7-B7D3-0666F8996BB0}.Debug|Any CPU.ActiveCfg = Debug|Any CPU
		{452572EC-C858-46F7-B7D3-0666F8996BB0}.Debug|Any CPU.Build.0 = Debug|Any CPU
		{452572EC-C858-46F7-B7D3-0666F8996BB0}.Release|Any CPU.ActiveCfg = Release|Any CPU
		{452572EC-C858-46F7-B7D3-0666F8996BB0}.Release|Any CPU.Build.0 = Release|Any CPU
		{0491FEC3-080D-4156-9A87-9DFD38268B43}.Debug|Any CPU.ActiveCfg = Debug|Any CPU
		{0491FEC3-080D-4156-9A87-9DFD38268B43}.Debug|Any CPU.Build.0 = Debug|Any CPU
		{0491FEC3-080D-4156-9A87-9DFD38268B43}.Release|Any CPU.ActiveCfg = Release|Any CPU
		{0491FEC3-080D-4156-9A87-9DFD38268B43}.Release|Any CPU.Build.0 = Release|Any CPU
	EndGlobalSection
	GlobalSection(SolutionProperties) = preSolution
		HideSolutionNode = FALSE
	EndGlobalSection
	GlobalSection(ExtensibilityGlobals) = postSolution
		SolutionGuid = {17C756C8-FFEF-4D37-997D-11273E37F28F}
	EndGlobalSection
EndGlobal
